<?xml version="1.0" encoding="utf-8"?>
<Project ToolsVersion="4.0" xmlns="http://schemas.microsoft.com/developer/msbuild/2003">
  <ItemGroup>
    <Filter Include="Source Files">
      <UniqueIdentifier>{4FC737F1-C7A5-4376-A066-2A32D752A2FF}</UniqueIdentifier>
      <Extensions>cpp;c;cc;cxx;c++;cppm;ixx;def;odl;idl;hpj;bat;asm;asmx</Extensions>
    </Filter>
    <Filter Include="Header Files">
      <UniqueIdentifier>{93995380-89BD-4b04-88EB-625FBE52EBFB}</UniqueIdentifier>
      <Extensions>h;hh;hpp;hxx;h++;hm;inl;inc;ipp;xsd</Extensions>
    </Filter>
    <Filter Include="Resource Files">
      <UniqueIdentifier>{67DA6AB6-F800-4c08-8B7A-83BB121AAD01}</UniqueIdentifier>
      <Extensions>rc;ico;cur;bmp;dlg;rc2;rct;bin;rgs;gif;jpg;jpeg;jpe;resx;tiff;tif;png;wav;mfcribbon-ms</Extensions>
    </Filter>
    <Filter Include="Observation">
      <UniqueIdentifier>{29086632-f0c5-4e82-a7bd-fca459733639}</UniqueIdentifier>
    </Filter>
    <Filter Include="Observation\Rules">
      <UniqueIdentifier>{611dbd9c-a087-4123-ae0f-f70fb8ac7e4a}</UniqueIdentifier>
    </Filter>
    <Filter Include="Observation\request">
      <UniqueIdentifier>{4905f556-fb53-477e-878b-f974d89622b6}</UniqueIdentifier>
    </Filter>
    <Filter Include="Observation\observer">
      <UniqueIdentifier>{95dc9ff7-c020-4cf2-a592-670d13958fea}</UniqueIdentifier>
    </Filter>
    <Filter Include="Observation\watcher">
      <UniqueIdentifier>{5c7fd7cd-2e73-44d1-a7e9-851fd2ff2f7e}</UniqueIdentifier>
    </Filter>
  </ItemGroup>
  <ItemGroup>
    <ClInclude Include="framework.h">
      <Filter>Header Files</Filter>
    </ClInclude>
    <ClInclude Include="targetver.h">
      <Filter>Header Files</Filter>
    </ClInclude>
    <ClInclude Include="Resource.h">
      <Filter>Header Files</Filter>
    </ClInclude>
    <ClInclude Include="FileWatcher.h">
      <Filter>Header Files</Filter>
    </ClInclude>
    <ClInclude Include="saigon_watcher_impl.h">
      <Filter>Header Files</Filter>
    </ClInclude>
    <ClInclude Include="saigon_watcher.h">
      <Filter>Header Files</Filter>
    </ClInclude>
  </ItemGroup>
  <ItemGroup>
    <ClCompile Include="clipboard_watcher.ixx">
      <Filter>Source Files</Filter>
    </ClCompile>
    <ClCompile Include="FileWatcher.cpp">
      <Filter>Source Files</Filter>
    </ClCompile>
    <ClCompile Include="clipboard_watcher.cpp">
      <Filter>Source Files</Filter>
    </ClCompile>
    <ClCompile Include="main.cpp">
      <Filter>Source Files</Filter>
    </ClCompile>
    <ClCompile Include="file_notify_info.ixx">
      <Filter>Source Files</Filter>
    </ClCompile>
    <ClCompile Include="observation\request_impl.cpp">
      <Filter>Observation\request</Filter>
    </ClCompile>
    <ClCompile Include="observation\request_impl.ixx">
      <Filter>Observation\request</Filter>
    </ClCompile>
    <ClCompile Include="observation\irequest.ixx">
      <Filter>Observation\request</Filter>
    </ClCompile>
    <ClCompile Include="observation\iobserver.ixx">
      <Filter>Observation\observer</Filter>
    </ClCompile>
    <ClCompile Include="observation\observer_impl.cpp">
      <Filter>Observation\observer</Filter>
    </ClCompile>
    <ClCompile Include="observation\observer_impl.ixx">
      <Filter>Observation\observer</Filter>
    </ClCompile>
    <ClCompile Include="observation\directory_watcher_base.cpp">
      <Filter>Observation\watcher</Filter>
    </ClCompile>
    <ClCompile Include="observation\directory_watcher_base.ixx">
      <Filter>Observation\watcher</Filter>
    </ClCompile>
    <ClCompile Include="observation\filename_watcher.cpp">
      <Filter>Observation\watcher</Filter>
    </ClCompile>
    <ClCompile Include="observation\filename_watcher.ixx">
      <Filter>Observation\watcher</Filter>
    </ClCompile>
    <ClCompile Include="observation\idirectory_watcher.ixx">
      <Filter>Observation\watcher</Filter>
    </ClCompile>
    <ClCompile Include="observation\watching_setting.ixx">
      <Filter>Observation\Rules</Filter>
    </ClCompile>
    <ClCompile Include="observation\watching_setting.cpp">
      <Filter>Observation\Rules</Filter>
    </ClCompile>
    <ClCompile Include="saigon_watcher.cpp">
      <Filter>Source Files</Filter>
    </ClCompile>
    <ClCompile Include="saigon_watcher_impl.cpp">
      <Filter>Source Files</Filter>
    </ClCompile>
    <ClCompile Include="observation\watching_rules.cpp">
      <Filter>Observation\Rules</Filter>
    </ClCompile>
    <ClCompile Include="observation\watching_rules.ixx">
      <Filter>Observation\Rules</Filter>
    </ClCompile>
  </ItemGroup>
  <ItemGroup>
    <Image Include="small.ico">
      <Filter>Resource Files</Filter>
    </Image>
    <Image Include="FileWatcher.ico">
      <Filter>Resource Files</Filter>
    </Image>
  </ItemGroup>
  <ItemGroup>
    <ResourceCompile Include="FileWatcher.rc">
      <Filter>Resource Files</Filter>
    </ResourceCompile>
  </ItemGroup>
</Project>